
Microsoft Visual Studio Solution File, Format Version 12.00
# Visual Studio Version 17
VisualStudioVersion = 17.8.34330.188
MinimumVisualStudioVersion = 10.0.40219.1
Project("{9A19103F-16F7-4668-BE54-9A1E7A4F7556}") = "ContactManager.Web", "ContactManager.Web\ContactManager.Web.csproj", "{BF7BB37D-5207-4DA0-BC69-DE7CE0F91ADA}"
EndProject
Project("{9A19103F-16F7-4668-BE54-9A1E7A4F7556}") = "ContactManager.Infrastructure", "ContactManager.Infrastructure\ContactManager.Infrastructure.csproj", "{1037B652-567E-49A0-A7CD-38A07F05BB03}"
EndProject
Project("{9A19103F-16F7-4668-BE54-9A1E7A4F7556}") = "ContactManager.Core", "ContactManager.Core\ContactManager.Core.csproj", "{77689842-E52B-41FE-AC7C-F9D8D81B0CE6}"
EndProject
Global
	GlobalSection(SolutionConfigurationPlatforms) = preSolution
		Debug|Any CPU = Debug|Any CPU
		Release|Any CPU = Release|Any CPU
	EndGlobalSection
	GlobalSection(ProjectConfigurationPlatforms) = postSolution
		{BF7BB37D-5207-4DA0-BC69-DE7CE0F91ADA}.Debug|Any CPU.ActiveCfg = Debug|Any CPU
		{BF7BB37D-5207-4DA0-BC69-DE7CE0F91ADA}.Debug|Any CPU.Build.0 = Debug|Any CPU
		{BF7BB37D-5207-4DA0-BC69-DE7CE0F91ADA}.Release|Any CPU.ActiveCfg = Release|Any CPU
		{BF7BB37D-5207-4DA0-BC69-DE7CE0F91ADA}.Release|Any CPU.Build.0 = Release|Any CPU
		{1037B652-567E-49A0-A7CD-38A07F05BB03}.Debug|Any CPU.ActiveCfg = Debug|Any CPU
		{1037B652-567E-49A0-A7CD-38A07F05BB03}.Debug|Any CPU.Build.0 = Debug|Any CPU
		{1037B652-567E-49A0-A7CD-38A07F05BB03}.Release|Any CPU.ActiveCfg = Release|Any CPU
		{1037B652-567E-49A0-A7CD-38A07F05BB03}.Release|Any CPU.Build.0 = Release|Any CPU
		{77689842-E52B-41FE-AC7C-F9D8D81B0CE6}.Debug|Any CPU.ActiveCfg = Debug|Any CPU
		{77689842-E52B-41FE-AC7C-F9D8D81B0CE6}.Debug|Any CPU.Build.0 = Debug|Any CPU
		{77689842-E52B-41FE-AC7C-F9D8D81B0CE6}.Release|Any CPU.ActiveCfg = Release|Any CPU
		{77689842-E52B-41FE-AC7C-F9D8D81B0CE6}.Release|Any CPU.Build.0 = Release|Any CPU
	EndGlobalSection
	GlobalSection(SolutionProperties) = preSolution
		HideSolutionNode = FALSE
	EndGlobalSection
	GlobalSection(ExtensibilityGlobals) = postSolution
		SolutionGuid = {5E2369A9-BADC-4345-8006-289C9A00CC61}
	EndGlobalSection
EndGlobal
